
Microsoft Visual Studio Solution File, Format Version 12.00
# Visual Studio 14
VisualStudioVersion = 14.0.22609.0
MinimumVisualStudioVersion = 10.0.40219.1
Project("{FAE04EC0-301F-11D3-BF4B-00C04F79EFBC}") = "CloudAtCostAPI", "CloudAtCostAPI\CloudAtCostAPI.csproj", "{0117B681-C2BA-4458-B1DA-09CFF0FFA5F4}"
EndProject
Project("{FAE04EC0-301F-11D3-BF4B-00C04F79EFBC}") = "Console", "Console\Console.csproj", "{FF13A95C-919A-4C18-B57D-50CBD13E3A41}"
EndProject
Global
	GlobalSection(SolutionConfigurationPlatforms) = preSolution
		Debug|Any CPU = Debug|Any CPU
		Release|Any CPU = Release|Any CPU
	EndGlobalSection
	GlobalSection(ProjectConfigurationPlatforms) = postSolution
		{0117B681-C2BA-4458-B1DA-09CFF0FFA5F4}.Debug|Any CPU.ActiveCfg = Debug|Any CPU
		{0117B681-C2BA-4458-B1DA-09CFF0FFA5F4}.Debug|Any CPU.Build.0 = Debug|Any CPU
		{0117B681-C2BA-4458-B1DA-09CFF0FFA5F4}.Release|Any CPU.ActiveCfg = Release|Any CPU
		{0117B681-C2BA-4458-B1DA-09CFF0FFA5F4}.Release|Any CPU.Build.0 = Release|Any CPU
		{FF13A95C-919A-4C18-B57D-50CBD13E3A41}.Debug|Any CPU.ActiveCfg = Debug|Any CPU
		{FF13A95C-919A-4C18-B57D-50CBD13E3A41}.Debug|Any CPU.Build.0 = Debug|Any CPU
		{FF13A95C-919A-4C18-B57D-50CBD13E3A41}.Release|Any CPU.ActiveCfg = Release|Any CPU
		{FF13A95C-919A-4C18-B57D-50CBD13E3A41}.Release|Any CPU.Build.0 = Release|Any CPU
	EndGlobalSection
	GlobalSection(SolutionProperties) = preSolution
		HideSolutionNode = FALSE
	EndGlobalSection
EndGlobal
